{
  "originHash" : "2c248e73b1d180bac9df7d072c646712ef627515d963354e2ade07fe30a66d0d",
  "pins" : [
    {
      "identity" : "swift-argument-parser",
      "kind" : "remoteSourceControl",
      "location" : "https://github.com/apple/swift-argument-parser.git",
      "state" : {
        "revision" : "9f39744e025c7d377987f30b03770805dcb0bcd1",
        "version" : "1.1.4"
      }
    },
    {
      "identity" : "swift-toolchain-sqlite",
      "kind" : "remoteSourceControl",
      "location" : "https://github.com/swiftlang/swift-toolchain-sqlite.git",
      "state" : {
        "revision" : "24de861aae133231803d89af8a88dc50b5b2e2dd"
      }
    }
  ],
  "version" : 3
}
